// !$*UTF8*$!
{
	archiveVersion = 1;
	classes = {
	};
	objectVersion = 50;
	objects = {

/* Begin PBXBuildFile section */
		EE3D11732603EA5900EEBCD0 /* artillery.cpp in Sources */ = {isa = PBXBuildFile; fileRef = EE3D11622603EA5900EEBCD0 /* artillery.cpp */; };
		EE3D11742603EA5900EEBCD0 /* uiDraw.cpp in Sources */ = {isa = PBXBuildFile; fileRef = EE3D11652603EA5900EEBCD0 /* uiDraw.cpp */; };
		EE3D11752603EA5900EEBCD0 /* Lab08.cpp in Sources */ = {isa = PBXBuildFile; fileRef = EE3D11662603EA5900EEBCD0 /* Lab08.cpp */; };
		EE3D11762603EA5900EEBCD0 /* position.cpp in Sources */ = {isa = PBXBuildFile; fileRef = EE3D11672603EA5900EEBCD0 /* position.cpp */; };
		EE3D11772603EA5900EEBCD0 /* uiInteract.cpp in Sources */ = {isa = PBXBuildFile; fileRef = EE3D11692603EA5900EEBCD0 /* uiInteract.cpp */; };
		EE3D11782603EA5900EEBCD0 /* velocity.cpp in Sources */ = {isa = PBXBuildFile; fileRef = EE3D116A2603EA5900EEBCD0 /* velocity.cpp */; };
		EE3D11792603EA5900EEBCD0 /* howitzer.cpp in Sources */ = {isa = PBXBuildFile; fileRef = EE3D116F2603EA5900EEBCD0 /* howitzer.cpp */; };
		EE3D117A2603EA5900EEBCD0 /* ground.cpp in Sources */ = {isa = PBXBuildFile; fileRef = EE3D11702603EA5900EEBCD0 /* ground.cpp */; };
		EE3D11822603EB1000EEBCD0 /* GLUT.framework in Frameworks */ = {isa = PBXBuildFile; fileRef = EE3D11812603EB1000EEBCD0 /* GLUT.framework */; };
		EE3D11842603EB1400EEBCD0 /* OpenGL.framework in Frameworks */ = {isa = PBXBuildFile; fileRef = EE3D11832603EB1400EEBCD0 /* OpenGL.framework */; };
		EE3D118D2603F79F00EEBCD0 /* tables.cpp in Sources */ = {isa = PBXBuildFile; fileRef = EE3D118B2603F79F00EEBCD0 /* tables.cpp */; };
/* End PBXBuildFile section */

/* Begin PBXCopyFilesBuildPhase section */
		EE3D11502603EA0D00EEBCD0 /* CopyFiles */ = {
			isa = PBXCopyFilesBuildPhase;
			buildActionMask = 2147483647;
			dstPath = /usr/share/man/man1/;
			dstSubfolderSpec = 0;
			files = (
			);
			runOnlyForDeploymentPostprocessing = 1;
		};
/* End PBXCopyFilesBuildPhase section */

/* Begin PBXFileReference section */
		EE3D11522603EA0D00EEBCD0 /* Artillery-Sim */ = {isa = PBXFileReference; explicitFileType = "compiled.mach-o.executable"; includeInIndex = 0; path = "Artillery-Sim"; sourceTree = BUILT_PRODUCTS_DIR; };
		EE3D115E2603EA2200EEBCD0 /* machToDragTable.csv */ = {isa = PBXFileReference; fileEncoding = 4; lastKnownFileType = text; name = machToDragTable.csv; path = ../machToDragTable.csv; sourceTree = "<group>"; };
		EE3D115F2603EA2200EEBCD0 /* altToSosTable.csv */ = {isa = PBXFileReference; fileEncoding = 4; lastKnownFileType = text; name = altToSosTable.csv; path = ../altToSosTable.csv; sourceTree = "<group>"; };
		EE3D11602603EA2200EEBCD0 /* altToGravTable.csv */ = {isa = PBXFileReference; fileEncoding = 4; lastKnownFileType = text; name = altToGravTable.csv; path = ../altToGravTable.csv; sourceTree = "<group>"; };
		EE3D11612603EA2200EEBCD0 /* altToDensityTable.csv */ = {isa = PBXFileReference; fileEncoding = 4; lastKnownFileType = text; name = altToDensityTable.csv; path = ../altToDensityTable.csv; sourceTree = "<group>"; };
		EE3D11622603EA5900EEBCD0 /* artillery.cpp */ = {isa = PBXFileReference; fileEncoding = 4; lastKnownFileType = sourcecode.cpp.cpp; name = artillery.cpp; path = ../artillery.cpp; sourceTree = "<group>"; };
		EE3D11632603EA5900EEBCD0 /* uiDraw.h */ = {isa = PBXFileReference; fileEncoding = 4; lastKnownFileType = sourcecode.c.h; name = uiDraw.h; path = ../uiDraw.h; sourceTree = "<group>"; };
		EE3D11642603EA5900EEBCD0 /* velocity.h */ = {isa = PBXFileReference; fileEncoding = 4; lastKnownFileType = sourcecode.c.h; name = velocity.h; path = ../velocity.h; sourceTree = "<group>"; };
		EE3D11652603EA5900EEBCD0 /* uiDraw.cpp */ = {isa = PBXFileReference; fileEncoding = 4; lastKnownFileType = sourcecode.cpp.cpp; name = uiDraw.cpp; path = ../uiDraw.cpp; sourceTree = "<group>"; };
		EE3D11662603EA5900EEBCD0 /* Lab08.cpp */ = {isa = PBXFileReference; fileEncoding = 4; lastKnownFileType = sourcecode.cpp.cpp; name = Lab08.cpp; path = ../Lab08.cpp; sourceTree = "<group>"; };
		EE3D11672603EA5900EEBCD0 /* position.cpp */ = {isa = PBXFileReference; fileEncoding = 4; lastKnownFileType = sourcecode.cpp.cpp; name = position.cpp; path = ../position.cpp; sourceTree = "<group>"; };
		EE3D11682603EA5900EEBCD0 /* tables.h */ = {isa = PBXFileReference; fileEncoding = 4; lastKnownFileType = sourcecode.c.h; name = tables.h; path = ../tables.h; sourceTree = "<group>"; };
		EE3D11692603EA5900EEBCD0 /* uiInteract.cpp */ = {isa = PBXFileReference; fileEncoding = 4; lastKnownFileType = sourcecode.cpp.cpp; name = uiInteract.cpp; path = ../uiInteract.cpp; sourceTree = "<group>"; };
		EE3D116A2603EA5900EEBCD0 /* velocity.cpp */ = {isa = PBXFileReference; fileEncoding = 4; lastKnownFileType = sourcecode.cpp.cpp; name = velocity.cpp; path = ../velocity.cpp; sourceTree = "<group>"; };
		EE3D116B2603EA5900EEBCD0 /* uiInteract.h */ = {isa = PBXFileReference; fileEncoding = 4; lastKnownFileType = sourcecode.c.h; name = uiInteract.h; path = ../uiInteract.h; sourceTree = "<group>"; };
		EE3D116C2603EA5900EEBCD0 /* ground.h */ = {isa = PBXFileReference; fileEncoding = 4; lastKnownFileType = sourcecode.c.h; name = ground.h; path = ../ground.h; sourceTree = "<group>"; };
		EE3D116D2603EA5900EEBCD0 /* artillery.h */ = {isa = PBXFileReference; fileEncoding = 4; lastKnownFileType = sourcecode.c.h; name = artillery.h; path = ../artillery.h; sourceTree = "<group>"; };
		EE3D116E2603EA5900EEBCD0 /* position.h */ = {isa = PBXFileReference; fileEncoding = 4; lastKnownFileType = sourcecode.c.h; name = position.h; path = ../position.h; sourceTree = "<group>"; };
		EE3D116F2603EA5900EEBCD0 /* howitzer.cpp */ = {isa = PBXFileReference; fileEncoding = 4; lastKnownFileType = sourcecode.cpp.cpp; name = howitzer.cpp; path = ../howitzer.cpp; sourceTree = "<group>"; };
		EE3D11702603EA5900EEBCD0 /* ground.cpp */ = {isa = PBXFileReference; fileEncoding = 4; lastKnownFileType = sourcecode.cpp.cpp; name = ground.cpp; path = ../ground.cpp; sourceTree = "<group>"; };
		EE3D11712603EA5900EEBCD0 /* trig.h */ = {isa = PBXFileReference; fileEncoding = 4; lastKnownFileType = sourcecode.c.h; name = trig.h; path = ../trig.h; sourceTree = "<group>"; };
		EE3D11722603EA5900EEBCD0 /* howitzer.h */ = {isa = PBXFileReference; fileEncoding = 4; lastKnownFileType = sourcecode.c.h; name = howitzer.h; path = ../howitzer.h; sourceTree = "<group>"; };
		EE3D11812603EB1000EEBCD0 /* GLUT.framework */ = {isa = PBXFileReference; lastKnownFileType = wrapper.framework; name = GLUT.framework; path = System/Library/Frameworks/GLUT.framework; sourceTree = SDKROOT; };
		EE3D11832603EB1400EEBCD0 /* OpenGL.framework */ = {isa = PBXFileReference; lastKnownFileType = wrapper.framework; name = OpenGL.framework; path = System/Library/Frameworks/OpenGL.framework; sourceTree = SDKROOT; };
		EE3D118B2603F79F00EEBCD0 /* tables.cpp */ = {isa = PBXFileReference; lastKnownFileType = sourcecode.cpp.cpp; name = tables.cpp; path = ../tables.cpp; sourceTree = "<group>"; };
/* End PBXFileReference section */

/* Begin PBXFrameworksBuildPhase section */
		EE3D114F2603EA0D00EEBCD0 /* Frameworks */ = {
			isa = PBXFrameworksBuildPhase;
			buildActionMask = 2147483647;
			files = (
				EE3D11842603EB1400EEBCD0 /* OpenGL.framework in Frameworks */,
				EE3D11822603EB1000EEBCD0 /* GLUT.framework in Frameworks */,
			);
			runOnlyForDeploymentPostprocessing = 0;
		};
/* End PBXFrameworksBuildPhase section */

/* Begin PBXGroup section */
		EE3D11492603EA0D00EEBCD0 = {
			isa = PBXGroup;
			children = (
				EE3D11662603EA5900EEBCD0 /* Lab08.cpp */,
				EE3D11622603EA5900EEBCD0 /* artillery.cpp */,
				EE3D116D2603EA5900EEBCD0 /* artillery.h */,
				EE3D11702603EA5900EEBCD0 /* ground.cpp */,
				EE3D116C2603EA5900EEBCD0 /* ground.h */,
				EE3D116F2603EA5900EEBCD0 /* howitzer.cpp */,
				EE3D11722603EA5900EEBCD0 /* howitzer.h */,
				EE3D11672603EA5900EEBCD0 /* position.cpp */,
				EE3D116E2603EA5900EEBCD0 /* position.h */,
				EE3D118B2603F79F00EEBCD0 /* tables.cpp */,
				EE3D11682603EA5900EEBCD0 /* tables.h */,
				EE3D11712603EA5900EEBCD0 /* trig.h */,
				EE3D11652603EA5900EEBCD0 /* uiDraw.cpp */,
				EE3D11632603EA5900EEBCD0 /* uiDraw.h */,
				EE3D11692603EA5900EEBCD0 /* uiInteract.cpp */,
				EE3D116B2603EA5900EEBCD0 /* uiInteract.h */,
				EE3D116A2603EA5900EEBCD0 /* velocity.cpp */,
				EE3D11642603EA5900EEBCD0 /* velocity.h */,
				EE3D11612603EA2200EEBCD0 /* altToDensityTable.csv */,
				EE3D11602603EA2200EEBCD0 /* altToGravTable.csv */,
				EE3D115F2603EA2200EEBCD0 /* altToSosTable.csv */,
				EE3D115E2603EA2200EEBCD0 /* machToDragTable.csv */,
				EE3D11542603EA0D00EEBCD0 /* Artillery-Sim */,
				EE3D11532603EA0D00EEBCD0 /* Products */,
				EE3D11802603EB1000EEBCD0 /* Frameworks */,
			);
			sourceTree = "<group>";
		};
		EE3D11532603EA0D00EEBCD0 /* Products */ = {
			isa = PBXGroup;
			children = (
				EE3D11522603EA0D00EEBCD0 /* Artillery-Sim */,
			);
			name = Products;
			sourceTree = "<group>";
		};
		EE3D11542603EA0D00EEBCD0 /* Artillery-Sim */ = {
			isa = PBXGroup;
			children = (
			);
			path = "Artillery-Sim";
			sourceTree = "<group>";
		};
		EE3D11802603EB1000EEBCD0 /* Frameworks */ = {
			isa = PBXGroup;
			children = (
				EE3D11832603EB1400EEBCD0 /* OpenGL.framework */,
				EE3D11812603EB1000EEBCD0 /* GLUT.framework */,
			);
			name = Frameworks;
			sourceTree = "<group>";
		};
/* End PBXGroup section */

/* Begin PBXNativeTarget section */
		EE3D11512603EA0D00EEBCD0 /* Artillery-Sim */ = {
			isa = PBXNativeTarget;
			buildConfigurationList = EE3D11592603EA0D00EEBCD0 /* Build configuration list for PBXNativeTarget "Artillery-Sim" */;
			buildPhases = (
				EE3D114E2603EA0D00EEBCD0 /* Sources */,
				EE3D114F2603EA0D00EEBCD0 /* Frameworks */,
				EE3D11502603EA0D00EEBCD0 /* CopyFiles */,
			);
			buildRules = (
			);
			dependencies = (
			);
			name = "Artillery-Sim";
			productName = "Artillery-Sim";
			productReference = EE3D11522603EA0D00EEBCD0 /* Artillery-Sim */;
			productType = "com.apple.product-type.tool";
		};
/* End PBXNativeTarget section */

/* Begin PBXProject section */
		EE3D114A2603EA0D00EEBCD0 /* Project object */ = {
			isa = PBXProject;
			attributes = {
				LastUpgradeCheck = 1240;
				TargetAttributes = {
					EE3D11512603EA0D00EEBCD0 = {
						CreatedOnToolsVersion = 12.4;
					};
				};
			};
			buildConfigurationList = EE3D114D2603EA0D00EEBCD0 /* Build configuration list for PBXProject "Artillery-Sim" */;
			compatibilityVersion = "Xcode 9.3";
			developmentRegion = en;
			hasScannedForEncodings = 0;
			knownRegions = (
				en,
				Base,
			);
			mainGroup = EE3D11492603EA0D00EEBCD0;
			productRefGroup = EE3D11532603EA0D00EEBCD0 /* Products */;
			projectDirPath = "";
			projectRoot = "";
			targets = (
				EE3D11512603EA0D00EEBCD0 /* Artillery-Sim */,
			);
		};
/* End PBXProject section */

/* Begin PBXSourcesBuildPhase section */
		EE3D114E2603EA0D00EEBCD0 /* Sources */ = {
			isa = PBXSourcesBuildPhase;
			buildActionMask = 2147483647;
			files = (
				EE3D11772603EA5900EEBCD0 /* uiInteract.cpp in Sources */,
				EE3D11752603EA5900EEBCD0 /* Lab08.cpp in Sources */,
				EE3D117A2603EA5900EEBCD0 /* ground.cpp in Sources */,
				EE3D11732603EA5900EEBCD0 /* artillery.cpp in Sources */,
				EE3D11792603EA5900EEBCD0 /* howitzer.cpp in Sources */,
				EE3D11762603EA5900EEBCD0 /* position.cpp in Sources */,
				EE3D11782603EA5900EEBCD0 /* velocity.cpp in Sources */,
				EE3D118D2603F79F00EEBCD0 /* tables.cpp in Sources */,
				EE3D11742603EA5900EEBCD0 /* uiDraw.cpp in Sources */,
			);
			runOnlyForDeploymentPostprocessing = 0;
		};
/* End PBXSourcesBuildPhase section */

/* Begin XCBuildConfiguration section */
		EE3D11572603EA0D00EEBCD0 /* Debug */ = {
			isa = XCBuildConfiguration;
			buildSettings = {
				ALWAYS_SEARCH_USER_PATHS = NO;
				CLANG_ANALYZER_NONNULL = YES;
				CLANG_ANALYZER_NUMBER_OBJECT_CONVERSION = YES_AGGRESSIVE;
				CLANG_CXX_LANGUAGE_STANDARD = "gnu++14";
				CLANG_CXX_LIBRARY = "libc++";
				CLANG_ENABLE_MODULES = YES;
				CLANG_ENABLE_OBJC_ARC = YES;
				CLANG_ENABLE_OBJC_WEAK = YES;
				CLANG_WARN_BLOCK_CAPTURE_AUTORELEASING = YES;
				CLANG_WARN_BOOL_CONVERSION = YES;
				CLANG_WARN_COMMA = YES;
				CLANG_WARN_CONSTANT_CONVERSION = YES;
				CLANG_WARN_DEPRECATED_OBJC_IMPLEMENTATIONS = YES;
				CLANG_WARN_DIRECT_OBJC_ISA_USAGE = YES_ERROR;
				CLANG_WARN_DOCUMENTATION_COMMENTS = YES;
				CLANG_WARN_EMPTY_BODY = YES;
				CLANG_WARN_ENUM_CONVERSION = YES;
				CLANG_WARN_INFINITE_RECURSION = YES;
				CLANG_WARN_INT_CONVERSION = YES;
				CLANG_WARN_NON_LITERAL_NULL_CONVERSION = YES;
				CLANG_WARN_OBJC_IMPLICIT_RETAIN_SELF = YES;
				CLANG_WARN_OBJC_LITERAL_CONVERSION = YES;
				CLANG_WARN_OBJC_ROOT_CLASS = YES_ERROR;
				CLANG_WARN_QUOTED_INCLUDE_IN_FRAMEWORK_HEADER = YES;
				CLANG_WARN_RANGE_LOOP_ANALYSIS = YES;
				CLANG_WARN_STRICT_PROTOTYPES = YES;
				CLANG_WARN_SUSPICIOUS_MOVE = YES;
				CLANG_WARN_UNGUARDED_AVAILABILITY = YES_AGGRESSIVE;
				CLANG_WARN_UNREACHABLE_CODE = YES;
				CLANG_WARN__DUPLICATE_METHOD_MATCH = YES;
				COPY_PHASE_STRIP = NO;
				DEBUG_INFORMATION_FORMAT = dwarf;
				ENABLE_STRICT_OBJC_MSGSEND = YES;
				ENABLE_TESTABILITY = YES;
				GCC_C_LANGUAGE_STANDARD = gnu11;
				GCC_DYNAMIC_NO_PIC = NO;
				GCC_NO_COMMON_BLOCKS = YES;
				GCC_OPTIMIZATION_LEVEL = 0;
				GCC_PREPROCESSOR_DEFINITIONS = (
					"DEBUG=1",
					"$(inherited)",
				);
				GCC_WARN_64_TO_32_BIT_CONVERSION = YES;
				GCC_WARN_ABOUT_RETURN_TYPE = YES_ERROR;
				GCC_WARN_UNDECLARED_SELECTOR = YES;
				GCC_WARN_UNINITIALIZED_AUTOS = YES_AGGRESSIVE;
				GCC_WARN_UNUSED_FUNCTION = YES;
				GCC_WARN_UNUSED_VARIABLE = YES;
				MACOSX_DEPLOYMENT_TARGET = 11.1;
				MTL_ENABLE_DEBUG_INFO = INCLUDE_SOURCE;
				MTL_FAST_MATH = YES;
				ONLY_ACTIVE_ARCH = YES;
				SDKROOT = macosx;
			};
			name = Debug;
		};
		EE3D11582603EA0D00EEBCD0 /* Release */ = {
			isa = XCBuildConfiguration;
			buildSettings = {
				ALWAYS_SEARCH_USER_PATHS = NO;
				CLANG_ANALYZER_NONNULL = YES;
				CLANG_ANALYZER_NUMBER_OBJECT_CONVERSION = YES_AGGRESSIVE;
				CLANG_CXX_LANGUAGE_STANDARD = "gnu++14";
				CLANG_CXX_LIBRARY = "libc++";
				CLANG_ENABLE_MODULES = YES;
				CLANG_ENABLE_OBJC_ARC = YES;
				CLANG_ENABLE_OBJC_WEAK = YES;
				CLANG_WARN_BLOCK_CAPTURE_AUTORELEASING = YES;
				CLANG_WARN_BOOL_CONVERSION = YES;
				CLANG_WARN_COMMA = YES;
				CLANG_WARN_CONSTANT_CONVERSION = YES;
				CLANG_WARN_DEPRECATED_OBJC_IMPLEMENTATIONS = YES;
				CLANG_WARN_DIRECT_OBJC_ISA_USAGE = YES_ERROR;
				CLANG_WARN_DOCUMENTATION_COMMENTS = YES;
				CLANG_WARN_EMPTY_BODY = YES;
				CLANG_WARN_ENUM_CONVERSION = YES;
				CLANG_WARN_INFINITE_RECURSION = YES;
				CLANG_WARN_INT_CONVERSION = YES;
				CLANG_WARN_NON_LITERAL_NULL_CONVERSION = YES;
				CLANG_WARN_OBJC_IMPLICIT_RETAIN_SELF = YES;
				CLANG_WARN_OBJC_LITERAL_CONVERSION = YES;
				CLANG_WARN_OBJC_ROOT_CLASS = YES_ERROR;
				CLANG_WARN_QUOTED_INCLUDE_IN_FRAMEWORK_HEADER = YES;
				CLANG_WARN_RANGE_LOOP_ANALYSIS = YES;
				CLANG_WARN_STRICT_PROTOTYPES = YES;
				CLANG_WARN_SUSPICIOUS_MOVE = YES;
				CLANG_WARN_UNGUARDED_AVAILABILITY = YES_AGGRESSIVE;
				CLANG_WARN_UNREACHABLE_CODE = YES;
				CLANG_WARN__DUPLICATE_METHOD_MATCH = YES;
				COPY_PHASE_STRIP = NO;
				DEBUG_INFORMATION_FORMAT = "dwarf-with-dsym";
				ENABLE_NS_ASSERTIONS = NO;
				ENABLE_STRICT_OBJC_MSGSEND = YES;
				GCC_C_LANGUAGE_STANDARD = gnu11;
				GCC_NO_COMMON_BLOCKS = YES;
				GCC_WARN_64_TO_32_BIT_CONVERSION = YES;
				GCC_WARN_ABOUT_RETURN_TYPE = YES_ERROR;
				GCC_WARN_UNDECLARED_SELECTOR = YES;
				GCC_WARN_UNINITIALIZED_AUTOS = YES_AGGRESSIVE;
				GCC_WARN_UNUSED_FUNCTION = YES;
				GCC_WARN_UNUSED_VARIABLE = YES;
				MACOSX_DEPLOYMENT_TARGET = 11.1;
				MTL_ENABLE_DEBUG_INFO = NO;
				MTL_FAST_MATH = YES;
				SDKROOT = macosx;
			};
			name = Release;
		};
		EE3D115A2603EA0D00EEBCD0 /* Debug */ = {
			isa = XCBuildConfiguration;
			buildSettings = {
				CODE_SIGN_STYLE = Automatic;
				DEVELOPMENT_TEAM = 43BTZ5STMU;
				ENABLE_HARDENED_RUNTIME = YES;
				GCC_NO_COMMON_BLOCKS = YES;
				PRODUCT_NAME = "$(TARGET_NAME)";
			};
			name = Debug;
		};
		EE3D115B2603EA0D00EEBCD0 /* Release */ = {
			isa = XCBuildConfiguration;
			buildSettings = {
				CODE_SIGN_STYLE = Automatic;
				DEVELOPMENT_TEAM = 43BTZ5STMU;
				ENABLE_HARDENED_RUNTIME = YES;
				GCC_NO_COMMON_BLOCKS = YES;
				PRODUCT_NAME = "$(TARGET_NAME)";
			};
			name = Release;
		};
/* End XCBuildConfiguration section */

/* Begin XCConfigurationList section */
		EE3D114D2603EA0D00EEBCD0 /* Build configuration list for PBXProject "Artillery-Sim" */ = {
			isa = XCConfigurationList;
			buildConfigurations = (
				EE3D11572603EA0D00EEBCD0 /* Debug */,
				EE3D11582603EA0D00EEBCD0 /* Release */,
			);
			defaultConfigurationIsVisible = 0;
			defaultConfigurationName = Release;
		};
		EE3D11592603EA0D00EEBCD0 /* Build configuration list for PBXNativeTarget "Artillery-Sim" */ = {
			isa = XCConfigurationList;
			buildConfigurations = (
				EE3D115A2603EA0D00EEBCD0 /* Debug */,
				EE3D115B2603EA0D00EEBCD0 /* Release */,
			);
			defaultConfigurationIsVisible = 0;
			defaultConfigurationName = Release;
		};
/* End XCConfigurationList section */
	};
	rootObject = EE3D114A2603EA0D00EEBCD0 /* Project object */;
}
